
Microsoft Visual Studio Solution File, Format Version 12.00
# Visual Studio Version 16
VisualStudioVersion = 16.0.29020.237
MinimumVisualStudioVersion = 10.0.40219.1
Project("{FAE04EC0-301F-11D3-BF4B-00C04F79EFBC}") = "TyrannyStringtableConverter", "TyrannyStringtableConverter\TyrannyStringtableConverter.csproj", "{A306C772-83D5-40AF-90FC-DF8AD83A663B}"
EndProject
Project("{9A19103F-16F7-4668-BE54-9A1E7A4F7556}") = "Karambolo.PO", "..\po\source\Karambolo.PO\Karambolo.PO.csproj", "{8C2438CE-09AD-43C1-835F-BA70533A8EAB}"
EndProject
Project("{9A19103F-16F7-4668-BE54-9A1E7A4F7556}") = "UnitTestProject1", "UnitTestProject1\UnitTestProject1.csproj", "{735912FB-3A14-4635-BD04-606CF063515F}"
EndProject
Project("{8BC9CEB8-8B4A-11D0-8D11-00A0C91BC942}") = "AnemoneDllPort", "AnemoneDllPort\AnemoneDllPort.vcxproj", "{0CAE8D98-FB65-4716-9BDD-A9893FEB5C20}"
EndProject
Global
	GlobalSection(SolutionConfigurationPlatforms) = preSolution
		Debug_Compact|Any CPU = Debug_Compact|Any CPU
		Debug_Compact|x64 = Debug_Compact|x64
		Debug_Compact|x86 = Debug_Compact|x86
		Debug_Minimal|Any CPU = Debug_Minimal|Any CPU
		Debug_Minimal|x64 = Debug_Minimal|x64
		Debug_Minimal|x86 = Debug_Minimal|x86
		Debug|Any CPU = Debug|Any CPU
		Debug|x64 = Debug|x64
		Debug|x86 = Debug|x86
		Release_Compact|Any CPU = Release_Compact|Any CPU
		Release_Compact|x64 = Release_Compact|x64
		Release_Compact|x86 = Release_Compact|x86
		Release_Minimal|Any CPU = Release_Minimal|Any CPU
		Release_Minimal|x64 = Release_Minimal|x64
		Release_Minimal|x86 = Release_Minimal|x86
		Release|Any CPU = Release|Any CPU
		Release|x64 = Release|x64
		Release|x86 = Release|x86
	EndGlobalSection
	GlobalSection(ProjectConfigurationPlatforms) = postSolution
		{A306C772-83D5-40AF-90FC-DF8AD83A663B}.Debug_Compact|Any CPU.ActiveCfg = Debug|Any CPU
		{A306C772-83D5-40AF-90FC-DF8AD83A663B}.Debug_Compact|Any CPU.Build.0 = Debug|Any CPU
		{A306C772-83D5-40AF-90FC-DF8AD83A663B}.Debug_Compact|x64.ActiveCfg = Debug|Any CPU
		{A306C772-83D5-40AF-90FC-DF8AD83A663B}.Debug_Compact|x64.Build.0 = Debug|Any CPU
		{A306C772-83D5-40AF-90FC-DF8AD83A663B}.Debug_Compact|x86.ActiveCfg = Debug|Any CPU
		{A306C772-83D5-40AF-90FC-DF8AD83A663B}.Debug_Compact|x86.Build.0 = Debug|Any CPU
		{A306C772-83D5-40AF-90FC-DF8AD83A663B}.Debug_Minimal|Any CPU.ActiveCfg = Debug|Any CPU
		{A306C772-83D5-40AF-90FC-DF8AD83A663B}.Debug_Minimal|Any CPU.Build.0 = Debug|Any CPU
		{A306C772-83D5-40AF-90FC-DF8AD83A663B}.Debug_Minimal|x64.ActiveCfg = Debug|Any CPU
		{A306C772-83D5-40AF-90FC-DF8AD83A663B}.Debug_Minimal|x64.Build.0 = Debug|Any CPU
		{A306C772-83D5-40AF-90FC-DF8AD83A663B}.Debug_Minimal|x86.ActiveCfg = Debug|Any CPU
		{A306C772-83D5-40AF-90FC-DF8AD83A663B}.Debug_Minimal|x86.Build.0 = Debug|Any CPU
		{A306C772-83D5-40AF-90FC-DF8AD83A663B}.Debug|Any CPU.ActiveCfg = Debug|Any CPU
		{A306C772-83D5-40AF-90FC-DF8AD83A663B}.Debug|Any CPU.Build.0 = Debug|Any CPU
		{A306C772-83D5-40AF-90FC-DF8AD83A663B}.Debug|x64.ActiveCfg = Debug|Any CPU
		{A306C772-83D5-40AF-90FC-DF8AD83A663B}.Debug|x64.Build.0 = Debug|Any CPU
		{A306C772-83D5-40AF-90FC-DF8AD83A663B}.Debug|x86.ActiveCfg = Debug|Any CPU
		{A306C772-83D5-40AF-90FC-DF8AD83A663B}.Debug|x86.Build.0 = Debug|Any CPU
		{A306C772-83D5-40AF-90FC-DF8AD83A663B}.Release_Compact|Any CPU.ActiveCfg = Release|Any CPU
		{A306C772-83D5-40AF-90FC-DF8AD83A663B}.Release_Compact|Any CPU.Build.0 = Release|Any CPU
		{A306C772-83D5-40AF-90FC-DF8AD83A663B}.Release_Compact|x64.ActiveCfg = Release|Any CPU
		{A306C772-83D5-40AF-90FC-DF8AD83A663B}.Release_Compact|x64.Build.0 = Release|Any CPU
		{A306C772-83D5-40AF-90FC-DF8AD83A663B}.Release_Compact|x86.ActiveCfg = Release|Any CPU
		{A306C772-83D5-40AF-90FC-DF8AD83A663B}.Release_Compact|x86.Build.0 = Release|Any CPU
		{A306C772-83D5-40AF-90FC-DF8AD83A663B}.Release_Minimal|Any CPU.ActiveCfg = Release|Any CPU
		{A306C772-83D5-40AF-90FC-DF8AD83A663B}.Release_Minimal|Any CPU.Build.0 = Release|Any CPU
		{A306C772-83D5-40AF-90FC-DF8AD83A663B}.Release_Minimal|x64.ActiveCfg = Release|Any CPU
		{A306C772-83D5-40AF-90FC-DF8AD83A663B}.Release_Minimal|x64.Build.0 = Release|Any CPU
		{A306C772-83D5-40AF-90FC-DF8AD83A663B}.Release_Minimal|x86.ActiveCfg = Release|Any CPU
		{A306C772-83D5-40AF-90FC-DF8AD83A663B}.Release_Minimal|x86.Build.0 = Release|Any CPU
		{A306C772-83D5-40AF-90FC-DF8AD83A663B}.Release|Any CPU.ActiveCfg = Release|Any CPU
		{A306C772-83D5-40AF-90FC-DF8AD83A663B}.Release|Any CPU.Build.0 = Release|Any CPU
		{A306C772-83D5-40AF-90FC-DF8AD83A663B}.Release|x64.ActiveCfg = Release|Any CPU
		{A306C772-83D5-40AF-90FC-DF8AD83A663B}.Release|x64.Build.0 = Release|Any CPU
		{A306C772-83D5-40AF-90FC-DF8AD83A663B}.Release|x86.ActiveCfg = Release|Any CPU
		{A306C772-83D5-40AF-90FC-DF8AD83A663B}.Release|x86.Build.0 = Release|Any CPU
		{8C2438CE-09AD-43C1-835F-BA70533A8EAB}.Debug_Compact|Any CPU.ActiveCfg = Debug_Compact|Any CPU
		{8C2438CE-09AD-43C1-835F-BA70533A8EAB}.Debug_Compact|Any CPU.Build.0 = Debug_Compact|Any CPU
		{8C2438CE-09AD-43C1-835F-BA70533A8EAB}.Debug_Compact|x64.ActiveCfg = Debug_Compact|Any CPU
		{8C2438CE-09AD-43C1-835F-BA70533A8EAB}.Debug_Compact|x64.Build.0 = Debug_Compact|Any CPU
		{8C2438CE-09AD-43C1-835F-BA70533A8EAB}.Debug_Compact|x86.ActiveCfg = Debug_Compact|Any CPU
		{8C2438CE-09AD-43C1-835F-BA70533A8EAB}.Debug_Compact|x86.Build.0 = Debug_Compact|Any CPU
		{8C2438CE-09AD-43C1-835F-BA70533A8EAB}.Debug_Minimal|Any CPU.ActiveCfg = Debug_Minimal|Any CPU
		{8C2438CE-09AD-43C1-835F-BA70533A8EAB}.Debug_Minimal|Any CPU.Build.0 = Debug_Minimal|Any CPU
		{8C2438CE-09AD-43C1-835F-BA70533A8EAB}.Debug_Minimal|x64.ActiveCfg = Debug_Minimal|Any CPU
		{8C2438CE-09AD-43C1-835F-BA70533A8EAB}.Debug_Minimal|x64.Build.0 = Debug_Minimal|Any CPU
		{8C2438CE-09AD-43C1-835F-BA70533A8EAB}.Debug_Minimal|x86.ActiveCfg = Debug_Minimal|Any CPU
		{8C2438CE-09AD-43C1-835F-BA70533A8EAB}.Debug_Minimal|x86.Build.0 = Debug_Minimal|Any CPU
		{8C2438CE-09AD-43C1-835F-BA70533A8EAB}.Debug|Any CPU.ActiveCfg = Debug|Any CPU
		{8C2438CE-09AD-43C1-835F-BA70533A8EAB}.Debug|Any CPU.Build.0 = Debug|Any CPU
		{8C2438CE-09AD-43C1-835F-BA70533A8EAB}.Debug|x64.ActiveCfg = Debug|Any CPU
		{8C2438CE-09AD-43C1-835F-BA70533A8EAB}.Debug|x64.Build.0 = Debug|Any CPU
		{8C2438CE-09AD-43C1-835F-BA70533A8EAB}.Debug|x86.ActiveCfg = Debug|Any CPU
		{8C2438CE-09AD-43C1-835F-BA70533A8EAB}.Debug|x86.Build.0 = Debug|Any CPU
		{8C2438CE-09AD-43C1-835F-BA70533A8EAB}.Release_Compact|Any CPU.ActiveCfg = Release_Compact|Any CPU
		{8C2438CE-09AD-43C1-835F-BA70533A8EAB}.Release_Compact|Any CPU.Build.0 = Release_Compact|Any CPU
		{8C2438CE-09AD-43C1-835F-BA70533A8EAB}.Release_Compact|x64.ActiveCfg = Release_Compact|Any CPU
		{8C2438CE-09AD-43C1-835F-BA70533A8EAB}.Release_Compact|x64.Build.0 = Release_Compact|Any CPU
		{8C2438CE-09AD-43C1-835F-BA70533A8EAB}.Release_Compact|x86.ActiveCfg = Release_Compact|Any CPU
		{8C2438CE-09AD-43C1-835F-BA70533A8EAB}.Release_Compact|x86.Build.0 = Release_Compact|Any CPU
		{8C2438CE-09AD-43C1-835F-BA70533A8EAB}.Release_Minimal|Any CPU.ActiveCfg = Release_Minimal|Any CPU
		{8C2438CE-09AD-43C1-835F-BA70533A8EAB}.Release_Minimal|Any CPU.Build.0 = Release_Minimal|Any CPU
		{8C2438CE-09AD-43C1-835F-BA70533A8EAB}.Release_Minimal|x64.ActiveCfg = Release_Minimal|Any CPU
		{8C2438CE-09AD-43C1-835F-BA70533A8EAB}.Release_Minimal|x64.Build.0 = Release_Minimal|Any CPU
		{8C2438CE-09AD-43C1-835F-BA70533A8EAB}.Release_Minimal|x86.ActiveCfg = Release_Minimal|Any CPU
		{8C2438CE-09AD-43C1-835F-BA70533A8EAB}.Release_Minimal|x86.Build.0 = Release_Minimal|Any CPU
		{8C2438CE-09AD-43C1-835F-BA70533A8EAB}.Release|Any CPU.ActiveCfg = Release|Any CPU
		{8C2438CE-09AD-43C1-835F-BA70533A8EAB}.Release|Any CPU.Build.0 = Release|Any CPU
		{8C2438CE-09AD-43C1-835F-BA70533A8EAB}.Release|x64.ActiveCfg = Release|Any CPU
		{8C2438CE-09AD-43C1-835F-BA70533A8EAB}.Release|x64.Build.0 = Release|Any CPU
		{8C2438CE-09AD-43C1-835F-BA70533A8EAB}.Release|x86.ActiveCfg = Release|Any CPU
		{8C2438CE-09AD-43C1-835F-BA70533A8EAB}.Release|x86.Build.0 = Release|Any CPU
		{735912FB-3A14-4635-BD04-606CF063515F}.Debug_Compact|Any CPU.ActiveCfg = Debug|Any CPU
		{735912FB-3A14-4635-BD04-606CF063515F}.Debug_Compact|Any CPU.Build.0 = Debug|Any CPU
		{735912FB-3A14-4635-BD04-606CF063515F}.Debug_Compact|x64.ActiveCfg = Debug|Any CPU
		{735912FB-3A14-4635-BD04-606CF063515F}.Debug_Compact|x64.Build.0 = Debug|Any CPU
		{735912FB-3A14-4635-BD04-606CF063515F}.Debug_Compact|x86.ActiveCfg = Debug|Any CPU
		{735912FB-3A14-4635-BD04-606CF063515F}.Debug_Compact|x86.Build.0 = Debug|Any CPU
		{735912FB-3A14-4635-BD04-606CF063515F}.Debug_Minimal|Any CPU.ActiveCfg = Debug|Any CPU
		{735912FB-3A14-4635-BD04-606CF063515F}.Debug_Minimal|Any CPU.Build.0 = Debug|Any CPU
		{735912FB-3A14-4635-BD04-606CF063515F}.Debug_Minimal|x64.ActiveCfg = Debug|Any CPU
		{735912FB-3A14-4635-BD04-606CF063515F}.Debug_Minimal|x64.Build.0 = Debug|Any CPU
		{735912FB-3A14-4635-BD04-606CF063515F}.Debug_Minimal|x86.ActiveCfg = Debug|Any CPU
		{735912FB-3A14-4635-BD04-606CF063515F}.Debug_Minimal|x86.Build.0 = Debug|Any CPU
		{735912FB-3A14-4635-BD04-606CF063515F}.Debug|Any CPU.ActiveCfg = Debug|Any CPU
		{735912FB-3A14-4635-BD04-606CF063515F}.Debug|Any CPU.Build.0 = Debug|Any CPU
		{735912FB-3A14-4635-BD04-606CF063515F}.Debug|x64.ActiveCfg = Debug|Any CPU
		{735912FB-3A14-4635-BD04-606CF063515F}.Debug|x64.Build.0 = Debug|Any CPU
		{735912FB-3A14-4635-BD04-606CF063515F}.Debug|x86.ActiveCfg = Debug|Any CPU
		{735912FB-3A14-4635-BD04-606CF063515F}.Debug|x86.Build.0 = Debug|Any CPU
		{735912FB-3A14-4635-BD04-606CF063515F}.Release_Compact|Any CPU.ActiveCfg = Release|Any CPU
		{735912FB-3A14-4635-BD04-606CF063515F}.Release_Compact|Any CPU.Build.0 = Release|Any CPU
		{735912FB-3A14-4635-BD04-606CF063515F}.Release_Compact|x64.ActiveCfg = Release|Any CPU
		{735912FB-3A14-4635-BD04-606CF063515F}.Release_Compact|x64.Build.0 = Release|Any CPU
		{735912FB-3A14-4635-BD04-606CF063515F}.Release_Compact|x86.ActiveCfg = Release|Any CPU
		{735912FB-3A14-4635-BD04-606CF063515F}.Release_Compact|x86.Build.0 = Release|Any CPU
		{735912FB-3A14-4635-BD04-606CF063515F}.Release_Minimal|Any CPU.ActiveCfg = Release|Any CPU
		{735912FB-3A14-4635-BD04-606CF063515F}.Release_Minimal|Any CPU.Build.0 = Release|Any CPU
		{735912FB-3A14-4635-BD04-606CF063515F}.Release_Minimal|x64.ActiveCfg = Release|Any CPU
		{735912FB-3A14-4635-BD04-606CF063515F}.Release_Minimal|x64.Build.0 = Release|Any CPU
		{735912FB-3A14-4635-BD04-606CF063515F}.Release_Minimal|x86.ActiveCfg = Release|Any CPU
		{735912FB-3A14-4635-BD04-606CF063515F}.Release_Minimal|x86.Build.0 = Release|Any CPU
		{735912FB-3A14-4635-BD04-606CF063515F}.Release|Any CPU.ActiveCfg = Release|Any CPU
		{735912FB-3A14-4635-BD04-606CF063515F}.Release|Any CPU.Build.0 = Release|Any CPU
		{735912FB-3A14-4635-BD04-606CF063515F}.Release|x64.ActiveCfg = Release|Any CPU
		{735912FB-3A14-4635-BD04-606CF063515F}.Release|x64.Build.0 = Release|Any CPU
		{735912FB-3A14-4635-BD04-606CF063515F}.Release|x86.ActiveCfg = Release|Any CPU
		{735912FB-3A14-4635-BD04-606CF063515F}.Release|x86.Build.0 = Release|Any CPU
		{0CAE8D98-FB65-4716-9BDD-A9893FEB5C20}.Debug_Compact|Any CPU.ActiveCfg = Release|x64
		{0CAE8D98-FB65-4716-9BDD-A9893FEB5C20}.Debug_Compact|Any CPU.Build.0 = Release|x64
		{0CAE8D98-FB65-4716-9BDD-A9893FEB5C20}.Debug_Compact|x64.ActiveCfg = Debug|x64
		{0CAE8D98-FB65-4716-9BDD-A9893FEB5C20}.Debug_Compact|x64.Build.0 = Debug|x64
		{0CAE8D98-FB65-4716-9BDD-A9893FEB5C20}.Debug_Compact|x86.ActiveCfg = Debug|Win32
		{0CAE8D98-FB65-4716-9BDD-A9893FEB5C20}.Debug_Compact|x86.Build.0 = Debug|Win32
		{0CAE8D98-FB65-4716-9BDD-A9893FEB5C20}.Debug_Minimal|Any CPU.ActiveCfg = Release|x64
		{0CAE8D98-FB65-4716-9BDD-A9893FEB5C20}.Debug_Minimal|Any CPU.Build.0 = Release|x64
		{0CAE8D98-FB65-4716-9BDD-A9893FEB5C20}.Debug_Minimal|x64.ActiveCfg = Debug|x64
		{0CAE8D98-FB65-4716-9BDD-A9893FEB5C20}.Debug_Minimal|x64.Build.0 = Debug|x64
		{0CAE8D98-FB65-4716-9BDD-A9893FEB5C20}.Debug_Minimal|x86.ActiveCfg = Debug|Win32
		{0CAE8D98-FB65-4716-9BDD-A9893FEB5C20}.Debug_Minimal|x86.Build.0 = Debug|Win32
		{0CAE8D98-FB65-4716-9BDD-A9893FEB5C20}.Debug|Any CPU.ActiveCfg = Debug|Win32
		{0CAE8D98-FB65-4716-9BDD-A9893FEB5C20}.Debug|x64.ActiveCfg = Debug|x64
		{0CAE8D98-FB65-4716-9BDD-A9893FEB5C20}.Debug|x64.Build.0 = Debug|x64
		{0CAE8D98-FB65-4716-9BDD-A9893FEB5C20}.Debug|x86.ActiveCfg = Debug|Win32
		{0CAE8D98-FB65-4716-9BDD-A9893FEB5C20}.Debug|x86.Build.0 = Debug|Win32
		{0CAE8D98-FB65-4716-9BDD-A9893FEB5C20}.Release_Compact|Any CPU.ActiveCfg = Release|x64
		{0CAE8D98-FB65-4716-9BDD-A9893FEB5C20}.Release_Compact|Any CPU.Build.0 = Release|x64
		{0CAE8D98-FB65-4716-9BDD-A9893FEB5C20}.Release_Compact|x64.ActiveCfg = Release|x64
		{0CAE8D98-FB65-4716-9BDD-A9893FEB5C20}.Release_Compact|x64.Build.0 = Release|x64
		{0CAE8D98-FB65-4716-9BDD-A9893FEB5C20}.Release_Compact|x86.ActiveCfg = Release|Win32
		{0CAE8D98-FB65-4716-9BDD-A9893FEB5C20}.Release_Compact|x86.Build.0 = Release|Win32
		{0CAE8D98-FB65-4716-9BDD-A9893FEB5C20}.Release_Minimal|Any CPU.ActiveCfg = Release|x64
		{0CAE8D98-FB65-4716-9BDD-A9893FEB5C20}.Release_Minimal|Any CPU.Build.0 = Release|x64
		{0CAE8D98-FB65-4716-9BDD-A9893FEB5C20}.Release_Minimal|x64.ActiveCfg = Release|x64
		{0CAE8D98-FB65-4716-9BDD-A9893FEB5C20}.Release_Minimal|x64.Build.0 = Release|x64
		{0CAE8D98-FB65-4716-9BDD-A9893FEB5C20}.Release_Minimal|x86.ActiveCfg = Release|Win32
		{0CAE8D98-FB65-4716-9BDD-A9893FEB5C20}.Release_Minimal|x86.Build.0 = Release|Win32
		{0CAE8D98-FB65-4716-9BDD-A9893FEB5C20}.Release|Any CPU.ActiveCfg = Release|Win32
		{0CAE8D98-FB65-4716-9BDD-A9893FEB5C20}.Release|x64.ActiveCfg = Release|x64
		{0CAE8D98-FB65-4716-9BDD-A9893FEB5C20}.Release|x64.Build.0 = Release|x64
		{0CAE8D98-FB65-4716-9BDD-A9893FEB5C20}.Release|x86.ActiveCfg = Release|Win32
		{0CAE8D98-FB65-4716-9BDD-A9893FEB5C20}.Release|x86.Build.0 = Release|Win32
	EndGlobalSection
	GlobalSection(SolutionProperties) = preSolution
		HideSolutionNode = FALSE
	EndGlobalSection
	GlobalSection(ExtensibilityGlobals) = postSolution
		SolutionGuid = {96A87C56-2365-4D7B-AA70-94AE6361B67E}
	EndGlobalSection
EndGlobal
